
Microsoft Visual Studio Solution File, Format Version 12.00
# Visual Studio 2013
VisualStudioVersion = 12.0.21005.1
MinimumVisualStudioVersion = 10.0.40219.1
Project("{FAE04EC0-301F-11D3-BF4B-00C04F79EFBC}") = "Solution", "Solution\Solution.csproj", "{8873DB7C-E344-4321-AFA3-5BA672C205FC}"
EndProject
Project("{FAE04EC0-301F-11D3-BF4B-00C04F79EFBC}") = "ClassLibrary", "ClassLibrary\ClassLibrary.csproj", "{AE0D3C38-8B92-4798-BE55-91E6ACB49F3A}"
EndProject
Project("{FAE04EC0-301F-11D3-BF4B-00C04F79EFBC}") = "DBLayer", "DBLayer\DBLayer.csproj", "{04CDD99E-B281-47CA-A061-5B2442F7A02A}"
EndProject
Global
	GlobalSection(SolutionConfigurationPlatforms) = preSolution
		Debug|Any CPU = Debug|Any CPU
		Release|Any CPU = Release|Any CPU
	EndGlobalSection
	GlobalSection(ProjectConfigurationPlatforms) = postSolution
		{8873DB7C-E344-4321-AFA3-5BA672C205FC}.Debug|Any CPU.ActiveCfg = Debug|Any CPU
		{8873DB7C-E344-4321-AFA3-5BA672C205FC}.Debug|Any CPU.Build.0 = Debug|Any CPU
		{8873DB7C-E344-4321-AFA3-5BA672C205FC}.Release|Any CPU.ActiveCfg = Release|Any CPU
		{8873DB7C-E344-4321-AFA3-5BA672C205FC}.Release|Any CPU.Build.0 = Release|Any CPU
		{AE0D3C38-8B92-4798-BE55-91E6ACB49F3A}.Debug|Any CPU.ActiveCfg = Debug|Any CPU
		{AE0D3C38-8B92-4798-BE55-91E6ACB49F3A}.Debug|Any CPU.Build.0 = Debug|Any CPU
		{AE0D3C38-8B92-4798-BE55-91E6ACB49F3A}.Release|Any CPU.ActiveCfg = Release|Any CPU
		{AE0D3C38-8B92-4798-BE55-91E6ACB49F3A}.Release|Any CPU.Build.0 = Release|Any CPU
		{04CDD99E-B281-47CA-A061-5B2442F7A02A}.Debug|Any CPU.ActiveCfg = Debug|Any CPU
		{04CDD99E-B281-47CA-A061-5B2442F7A02A}.Debug|Any CPU.Build.0 = Debug|Any CPU
		{04CDD99E-B281-47CA-A061-5B2442F7A02A}.Release|Any CPU.ActiveCfg = Release|Any CPU
		{04CDD99E-B281-47CA-A061-5B2442F7A02A}.Release|Any CPU.Build.0 = Release|Any CPU
	EndGlobalSection
	GlobalSection(SolutionProperties) = preSolution
		HideSolutionNode = FALSE
	EndGlobalSection
EndGlobal
